
Microsoft Visual Studio Solution File, Format Version 12.00
# Visual Studio Version 17
VisualStudioVersion = 17.7.34202.233
MinimumVisualStudioVersion = 10.0.40219.1
Project("{9A19103F-16F7-4668-BE54-9A1E7A4F7556}") = "CKK.Logic", "CKK.Logic\CKK.Logic.csproj", "{80CF5513-8A93-4783-BF96-F17F1A423AB9}"
EndProject
Project("{FAE04EC0-301F-11D3-BF4B-00C04F79EFBC}") = "CKK.Tests", "CKK.Tests\CKK.Tests.csproj", "{06BCD9B3-0E68-4C0C-80B4-4EA19ACD71E8}"
EndProject
Global
	GlobalSection(SolutionConfigurationPlatforms) = preSolution
		Debug|Any CPU = Debug|Any CPU
		Release|Any CPU = Release|Any CPU
	EndGlobalSection
	GlobalSection(ProjectConfigurationPlatforms) = postSolution
		{80CF5513-8A93-4783-BF96-F17F1A423AB9}.Debug|Any CPU.ActiveCfg = Debug|Any CPU
		{80CF5513-8A93-4783-BF96-F17F1A423AB9}.Debug|Any CPU.Build.0 = Debug|Any CPU
		{80CF5513-8A93-4783-BF96-F17F1A423AB9}.Release|Any CPU.ActiveCfg = Release|Any CPU
		{80CF5513-8A93-4783-BF96-F17F1A423AB9}.Release|Any CPU.Build.0 = Release|Any CPU
		{06BCD9B3-0E68-4C0C-80B4-4EA19ACD71E8}.Debug|Any CPU.ActiveCfg = Debug|Any CPU
		{06BCD9B3-0E68-4C0C-80B4-4EA19ACD71E8}.Debug|Any CPU.Build.0 = Debug|Any CPU
		{06BCD9B3-0E68-4C0C-80B4-4EA19ACD71E8}.Release|Any CPU.ActiveCfg = Release|Any CPU
		{06BCD9B3-0E68-4C0C-80B4-4EA19ACD71E8}.Release|Any CPU.Build.0 = Release|Any CPU
	EndGlobalSection
	GlobalSection(SolutionProperties) = preSolution
		HideSolutionNode = FALSE
	EndGlobalSection
	GlobalSection(ExtensibilityGlobals) = postSolution
		SolutionGuid = {AF7B8A3B-2D08-4953-8E54-EC4513FE848E}
	EndGlobalSection
EndGlobal
